// !$*UTF8*$!
{
	archiveVersion = 1;
	classes = {
	};
	objectVersion = 56;
	objects = {

/* Begin PBXBuildFile section */
		980D983029FCDEE4006A0C36 /* AppDelegate.swift in Sources */ = {isa = PBXBuildFile; fileRef = 980D982F29FCDEE4006A0C36 /* AppDelegate.swift */; };
		980D983229FCDEE4006A0C36 /* SceneDelegate.swift in Sources */ = {isa = PBXBuildFile; fileRef = 980D983129FCDEE4006A0C36 /* SceneDelegate.swift */; };
		980D983429FCDEE4006A0C36 /* ViewController.swift in Sources */ = {isa = PBXBuildFile; fileRef = 980D983329FCDEE4006A0C36 /* ViewController.swift */; };
		980D983729FCDEE4006A0C36 /* Main.storyboard in Resources */ = {isa = PBXBuildFile; fileRef = 980D983529FCDEE4006A0C36 /* Main.storyboard */; };
		980D983929FCDEE6006A0C36 /* Assets.xcassets in Resources */ = {isa = PBXBuildFile; fileRef = 980D983829FCDEE6006A0C36 /* Assets.xcassets */; };
		980D983C29FCDEE6006A0C36 /* LaunchScreen.storyboard in Resources */ = {isa = PBXBuildFile; fileRef = 980D983A29FCDEE6006A0C36 /* LaunchScreen.storyboard */; };
		980D984829FCDF91006A0C36 /* ReqresService.swift in Sources */ = {isa = PBXBuildFile; fileRef = 980D984729FCDF91006A0C36 /* ReqresService.swift */; };
		980D985029FCDFF6006A0C36 /* UIImageView+Extension.swift in Sources */ = {isa = PBXBuildFile; fileRef = 980D984A29FCDFF6006A0C36 /* UIImageView+Extension.swift */; };
		980D985129FCDFF6006A0C36 /* UIViewController+Extension.swift in Sources */ = {isa = PBXBuildFile; fileRef = 980D984B29FCDFF6006A0C36 /* UIViewController+Extension.swift */; };
		980D985229FCDFF6006A0C36 /* String+Extension.swift in Sources */ = {isa = PBXBuildFile; fileRef = 980D984C29FCDFF6006A0C36 /* String+Extension.swift */; };
		980D985329FCDFF6006A0C36 /* UICollectionView+Extension.swift in Sources */ = {isa = PBXBuildFile; fileRef = 980D984D29FCDFF6006A0C36 /* UICollectionView+Extension.swift */; };
		980D985429FCDFF6006A0C36 /* Dict+Extension.swift in Sources */ = {isa = PBXBuildFile; fileRef = 980D984E29FCDFF6006A0C36 /* Dict+Extension.swift */; };
		980D985529FCDFF6006A0C36 /* UITableView+Extension.swift in Sources */ = {isa = PBXBuildFile; fileRef = 980D984F29FCDFF6006A0C36 /* UITableView+Extension.swift */; };
		980D985929FCE036006A0C36 /* LoginViewController.swift in Sources */ = {isa = PBXBuildFile; fileRef = 980D985829FCE036006A0C36 /* LoginViewController.swift */; };
		980D985E29FCE380006A0C36 /* UsersResponse.swift in Sources */ = {isa = PBXBuildFile; fileRef = 980D985D29FCE380006A0C36 /* UsersResponse.swift */; };
		980D986029FCE471006A0C36 /* LoginResponse.swift in Sources */ = {isa = PBXBuildFile; fileRef = 980D985F29FCE471006A0C36 /* LoginResponse.swift */; };
		980D986229FCE6BF006A0C36 /* LoginViewModel.swift in Sources */ = {isa = PBXBuildFile; fileRef = 980D986129FCE6BF006A0C36 /* LoginViewModel.swift */; };
		980D986429FCE880006A0C36 /* HomeViewController.swift in Sources */ = {isa = PBXBuildFile; fileRef = 980D986329FCE880006A0C36 /* HomeViewController.swift */; };
		980D986629FCE91A006A0C36 /* HomeViewModel.swift in Sources */ = {isa = PBXBuildFile; fileRef = 980D986529FCE91A006A0C36 /* HomeViewModel.swift */; };
		980D986929FCEBEB006A0C36 /* UsersTableViewCell.swift in Sources */ = {isa = PBXBuildFile; fileRef = 980D986829FCEBEB006A0C36 /* UsersTableViewCell.swift */; };
		EDB7078C17AA1619B32486F1 /* Pods_SALTTest.framework in Frameworks */ = {isa = PBXBuildFile; fileRef = FB962BFE661D01555FFD6C44 /* Pods_SALTTest.framework */; };
/* End PBXBuildFile section */

/* Begin PBXFileReference section */
		0BC3A62DA8A43E1EC1F79526 /* Pods-SALTTest.release.xcconfig */ = {isa = PBXFileReference; includeInIndex = 1; lastKnownFileType = text.xcconfig; name = "Pods-SALTTest.release.xcconfig"; path = "Target Support Files/Pods-SALTTest/Pods-SALTTest.release.xcconfig"; sourceTree = "<group>"; };
		84B234F9F2A6C0A2CEC541AF /* Pods-SALTTest.debug.xcconfig */ = {isa = PBXFileReference; includeInIndex = 1; lastKnownFileType = text.xcconfig; name = "Pods-SALTTest.debug.xcconfig"; path = "Target Support Files/Pods-SALTTest/Pods-SALTTest.debug.xcconfig"; sourceTree = "<group>"; };
		980D982C29FCDEE4006A0C36 /* SALTTest.app */ = {isa = PBXFileReference; explicitFileType = wrapper.application; includeInIndex = 0; path = SALTTest.app; sourceTree = BUILT_PRODUCTS_DIR; };
		980D982F29FCDEE4006A0C36 /* AppDelegate.swift */ = {isa = PBXFileReference; lastKnownFileType = sourcecode.swift; path = AppDelegate.swift; sourceTree = "<group>"; };
		980D983129FCDEE4006A0C36 /* SceneDelegate.swift */ = {isa = PBXFileReference; lastKnownFileType = sourcecode.swift; path = SceneDelegate.swift; sourceTree = "<group>"; };
		980D983329FCDEE4006A0C36 /* ViewController.swift */ = {isa = PBXFileReference; lastKnownFileType = sourcecode.swift; path = ViewController.swift; sourceTree = "<group>"; };
		980D983629FCDEE4006A0C36 /* Base */ = {isa = PBXFileReference; lastKnownFileType = file.storyboard; name = Base; path = Base.lproj/Main.storyboard; sourceTree = "<group>"; };
		980D983829FCDEE6006A0C36 /* Assets.xcassets */ = {isa = PBXFileReference; lastKnownFileType = folder.assetcatalog; path = Assets.xcassets; sourceTree = "<group>"; };
		980D983B29FCDEE6006A0C36 /* Base */ = {isa = PBXFileReference; lastKnownFileType = file.storyboard; name = Base; path = Base.lproj/LaunchScreen.storyboard; sourceTree = "<group>"; };
		980D983D29FCDEE6006A0C36 /* Info.plist */ = {isa = PBXFileReference; lastKnownFileType = text.plist.xml; path = Info.plist; sourceTree = "<group>"; };
		980D984729FCDF91006A0C36 /* ReqresService.swift */ = {isa = PBXFileReference; lastKnownFileType = sourcecode.swift; path = ReqresService.swift; sourceTree = "<group>"; };
		980D984A29FCDFF6006A0C36 /* UIImageView+Extension.swift */ = {isa = PBXFileReference; fileEncoding = 4; lastKnownFileType = sourcecode.swift; path = "UIImageView+Extension.swift"; sourceTree = "<group>"; };
		980D984B29FCDFF6006A0C36 /* UIViewController+Extension.swift */ = {isa = PBXFileReference; fileEncoding = 4; lastKnownFileType = sourcecode.swift; path = "UIViewController+Extension.swift"; sourceTree = "<group>"; };
		980D984C29FCDFF6006A0C36 /* String+Extension.swift */ = {isa = PBXFileReference; fileEncoding = 4; lastKnownFileType = sourcecode.swift; path = "String+Extension.swift"; sourceTree = "<group>"; };
		980D984D29FCDFF6006A0C36 /* UICollectionView+Extension.swift */ = {isa = PBXFileReference; fileEncoding = 4; lastKnownFileType = sourcecode.swift; path = "UICollectionView+Extension.swift"; sourceTree = "<group>"; };
		980D984E29FCDFF6006A0C36 /* Dict+Extension.swift */ = {isa = PBXFileReference; fileEncoding = 4; lastKnownFileType = sourcecode.swift; path = "Dict+Extension.swift"; sourceTree = "<group>"; };
		980D984F29FCDFF6006A0C36 /* UITableView+Extension.swift */ = {isa = PBXFileReference; fileEncoding = 4; lastKnownFileType = sourcecode.swift; path = "UITableView+Extension.swift"; sourceTree = "<group>"; };
		980D985829FCE036006A0C36 /* LoginViewController.swift */ = {isa = PBXFileReference; lastKnownFileType = sourcecode.swift; path = LoginViewController.swift; sourceTree = "<group>"; };
		980D985D29FCE380006A0C36 /* UsersResponse.swift */ = {isa = PBXFileReference; lastKnownFileType = sourcecode.swift; path = UsersResponse.swift; sourceTree = "<group>"; };
		980D985F29FCE471006A0C36 /* LoginResponse.swift */ = {isa = PBXFileReference; lastKnownFileType = sourcecode.swift; path = LoginResponse.swift; sourceTree = "<group>"; };
		980D986129FCE6BF006A0C36 /* LoginViewModel.swift */ = {isa = PBXFileReference; lastKnownFileType = sourcecode.swift; path = LoginViewModel.swift; sourceTree = "<group>"; };
		980D986329FCE880006A0C36 /* HomeViewController.swift */ = {isa = PBXFileReference; lastKnownFileType = sourcecode.swift; path = HomeViewController.swift; sourceTree = "<group>"; };
		980D986529FCE91A006A0C36 /* HomeViewModel.swift */ = {isa = PBXFileReference; lastKnownFileType = sourcecode.swift; path = HomeViewModel.swift; sourceTree = "<group>"; };
		980D986829FCEBEB006A0C36 /* UsersTableViewCell.swift */ = {isa = PBXFileReference; lastKnownFileType = sourcecode.swift; path = UsersTableViewCell.swift; sourceTree = "<group>"; };
		FB962BFE661D01555FFD6C44 /* Pods_SALTTest.framework */ = {isa = PBXFileReference; explicitFileType = wrapper.framework; includeInIndex = 0; path = Pods_SALTTest.framework; sourceTree = BUILT_PRODUCTS_DIR; };
/* End PBXFileReference section */

/* Begin PBXFrameworksBuildPhase section */
		980D982929FCDEE4006A0C36 /* Frameworks */ = {
			isa = PBXFrameworksBuildPhase;
			buildActionMask = 2147483647;
			files = (
				EDB7078C17AA1619B32486F1 /* Pods_SALTTest.framework in Frameworks */,
			);
			runOnlyForDeploymentPostprocessing = 0;
		};
/* End PBXFrameworksBuildPhase section */

/* Begin PBXGroup section */
		5A50F526741411B5ECD577AC /* Pods */ = {
			isa = PBXGroup;
			children = (
				84B234F9F2A6C0A2CEC541AF /* Pods-SALTTest.debug.xcconfig */,
				0BC3A62DA8A43E1EC1F79526 /* Pods-SALTTest.release.xcconfig */,
			);
			path = Pods;
			sourceTree = "<group>";
		};
		980D982329FCDEE4006A0C36 = {
			isa = PBXGroup;
			children = (
				980D982E29FCDEE4006A0C36 /* SALTTest */,
				980D982D29FCDEE4006A0C36 /* Products */,
				5A50F526741411B5ECD577AC /* Pods */,
				AB7952382F8C3649E5A38416 /* Frameworks */,
			);
			sourceTree = "<group>";
		};
		980D982D29FCDEE4006A0C36 /* Products */ = {
			isa = PBXGroup;
			children = (
				980D982C29FCDEE4006A0C36 /* SALTTest.app */,
			);
			name = Products;
			sourceTree = "<group>";
		};
		980D982E29FCDEE4006A0C36 /* SALTTest */ = {
			isa = PBXGroup;
			children = (
				980D985629FCE015006A0C36 /* Modules */,
				980D984329FCDF56006A0C36 /* Applications */,
				980D983D29FCDEE6006A0C36 /* Info.plist */,
			);
			path = SALTTest;
			sourceTree = "<group>";
		};
		980D984329FCDF56006A0C36 /* Applications */ = {
			isa = PBXGroup;
			children = (
				980D982F29FCDEE4006A0C36 /* AppDelegate.swift */,
				980D983129FCDEE4006A0C36 /* SceneDelegate.swift */,
				980D983329FCDEE4006A0C36 /* ViewController.swift */,
				980D983529FCDEE4006A0C36 /* Main.storyboard */,
				980D983829FCDEE6006A0C36 /* Assets.xcassets */,
				980D983A29FCDEE6006A0C36 /* LaunchScreen.storyboard */,
			);
			path = Applications;
			sourceTree = "<group>";
		};
		980D984429FCDF64006A0C36 /* Shared */ = {
			isa = PBXGroup;
			children = (
				980D984929FCDFF6006A0C36 /* Extensions */,
				980D984529FCDF6A006A0C36 /* Networking */,
			);
			path = Shared;
			sourceTree = "<group>";
		};
		980D984529FCDF6A006A0C36 /* Networking */ = {
			isa = PBXGroup;
			children = (
				980D984729FCDF91006A0C36 /* ReqresService.swift */,
			);
			path = Networking;
			sourceTree = "<group>";
		};
		980D984929FCDFF6006A0C36 /* Extensions */ = {
			isa = PBXGroup;
			children = (
				980D984A29FCDFF6006A0C36 /* UIImageView+Extension.swift */,
				980D984B29FCDFF6006A0C36 /* UIViewController+Extension.swift */,
				980D984C29FCDFF6006A0C36 /* String+Extension.swift */,
				980D984D29FCDFF6006A0C36 /* UICollectionView+Extension.swift */,
				980D984E29FCDFF6006A0C36 /* Dict+Extension.swift */,
				980D984F29FCDFF6006A0C36 /* UITableView+Extension.swift */,
			);
			path = Extensions;
			sourceTree = "<group>";
		};
		980D985629FCE015006A0C36 /* Modules */ = {
			isa = PBXGroup;
			children = (
				980D985B29FCE32D006A0C36 /* Home */,
				980D985729FCE022006A0C36 /* Login */,
				980D984429FCDF64006A0C36 /* Shared */,
			);
			path = Modules;
			sourceTree = "<group>";
		};
		980D985729FCE022006A0C36 /* Login */ = {
			isa = PBXGroup;
			children = (
				980D985A29FCE03F006A0C36 /* Models */,
				980D985829FCE036006A0C36 /* LoginViewController.swift */,
				980D986129FCE6BF006A0C36 /* LoginViewModel.swift */,
			);
			path = Login;
			sourceTree = "<group>";
		};
		980D985A29FCE03F006A0C36 /* Models */ = {
			isa = PBXGroup;
			children = (
				980D985F29FCE471006A0C36 /* LoginResponse.swift */,
			);
			path = Models;
			sourceTree = "<group>";
		};
		980D985B29FCE32D006A0C36 /* Home */ = {
			isa = PBXGroup;
			children = (
				980D986729FCEBD9006A0C36 /* Views */,
				980D985C29FCE331006A0C36 /* Models */,
				980D986329FCE880006A0C36 /* HomeViewController.swift */,
				980D986529FCE91A006A0C36 /* HomeViewModel.swift */,
			);
			path = Home;
			sourceTree = "<group>";
		};
		980D985C29FCE331006A0C36 /* Models */ = {
			isa = PBXGroup;
			children = (
				980D985D29FCE380006A0C36 /* UsersResponse.swift */,
			);
			path = Models;
			sourceTree = "<group>";
		};
		980D986729FCEBD9006A0C36 /* Views */ = {
			isa = PBXGroup;
			children = (
				980D986829FCEBEB006A0C36 /* UsersTableViewCell.swift */,
			);
			path = Views;
			sourceTree = "<group>";
		};
		AB7952382F8C3649E5A38416 /* Frameworks */ = {
			isa = PBXGroup;
			children = (
				FB962BFE661D01555FFD6C44 /* Pods_SALTTest.framework */,
			);
			name = Frameworks;
			sourceTree = "<group>";
		};
/* End PBXGroup section */

/* Begin PBXNativeTarget section */
		980D982B29FCDEE4006A0C36 /* SALTTest */ = {
			isa = PBXNativeTarget;
			buildConfigurationList = 980D984029FCDEE6006A0C36 /* Build configuration list for PBXNativeTarget "SALTTest" */;
			buildPhases = (
				6AE11593E586B3792369F510 /* [CP] Check Pods Manifest.lock */,
				980D982829FCDEE4006A0C36 /* Sources */,
				980D982929FCDEE4006A0C36 /* Frameworks */,
				980D982A29FCDEE4006A0C36 /* Resources */,
				93299104143C1EF4B272C5BE /* [CP] Embed Pods Frameworks */,
			);
			buildRules = (
			);
			dependencies = (
			);
			name = SALTTest;
			productName = SALTTest;
			productReference = 980D982C29FCDEE4006A0C36 /* SALTTest.app */;
			productType = "com.apple.product-type.application";
		};
/* End PBXNativeTarget section */

/* Begin PBXProject section */
		980D982429FCDEE4006A0C36 /* Project object */ = {
			isa = PBXProject;
			attributes = {
				BuildIndependentTargetsInParallel = 1;
				LastSwiftUpdateCheck = 1430;
				LastUpgradeCheck = 1430;
				TargetAttributes = {
					980D982B29FCDEE4006A0C36 = {
						CreatedOnToolsVersion = 14.3;
					};
				};
			};
			buildConfigurationList = 980D982729FCDEE4006A0C36 /* Build configuration list for PBXProject "SALTTest" */;
			compatibilityVersion = "Xcode 14.0";
			developmentRegion = en;
			hasScannedForEncodings = 0;
			knownRegions = (
				en,
				Base,
			);
			mainGroup = 980D982329FCDEE4006A0C36;
			productRefGroup = 980D982D29FCDEE4006A0C36 /* Products */;
			projectDirPath = "";
			projectRoot = "";
			targets = (
				980D982B29FCDEE4006A0C36 /* SALTTest */,
			);
		};
/* End PBXProject section */

/* Begin PBXResourcesBuildPhase section */
		980D982A29FCDEE4006A0C36 /* Resources */ = {
			isa = PBXResourcesBuildPhase;
			buildActionMask = 2147483647;
			files = (
				980D983C29FCDEE6006A0C36 /* LaunchScreen.storyboard in Resources */,
				980D983929FCDEE6006A0C36 /* Assets.xcassets in Resources */,
				980D983729FCDEE4006A0C36 /* Main.storyboard in Resources */,
			);
			runOnlyForDeploymentPostprocessing = 0;
		};
/* End PBXResourcesBuildPhase section */

/* Begin PBXShellScriptBuildPhase section */
		6AE11593E586B3792369F510 /* [CP] Check Pods Manifest.lock */ = {
			isa = PBXShellScriptBuildPhase;
			buildActionMask = 2147483647;
			files = (
			);
			inputFileListPaths = (
			);
			inputPaths = (
				"${PODS_PODFILE_DIR_PATH}/Podfile.lock",
				"${PODS_ROOT}/Manifest.lock",
			);
			name = "[CP] Check Pods Manifest.lock";
			outputFileListPaths = (
			);
			outputPaths = (
				"$(DERIVED_FILE_DIR)/Pods-SALTTest-checkManifestLockResult.txt",
			);
			runOnlyForDeploymentPostprocessing = 0;
			shellPath = /bin/sh;
			shellScript = "diff \"${PODS_PODFILE_DIR_PATH}/Podfile.lock\" \"${PODS_ROOT}/Manifest.lock\" > /dev/null\nif [ $? != 0 ] ; then\n    # print error to STDERR\n    echo \"error: The sandbox is not in sync with the Podfile.lock. Run 'pod install' or update your CocoaPods installation.\" >&2\n    exit 1\nfi\n# This output is used by Xcode 'outputs' to avoid re-running this script phase.\necho \"SUCCESS\" > \"${SCRIPT_OUTPUT_FILE_0}\"\n";
			showEnvVarsInLog = 0;
		};
		93299104143C1EF4B272C5BE /* [CP] Embed Pods Frameworks */ = {
			isa = PBXShellScriptBuildPhase;
			buildActionMask = 2147483647;
			files = (
			);
			inputFileListPaths = (
				"${PODS_ROOT}/Target Support Files/Pods-SALTTest/Pods-SALTTest-frameworks-${CONFIGURATION}-input-files.xcfilelist",
			);
			name = "[CP] Embed Pods Frameworks";
			outputFileListPaths = (
				"${PODS_ROOT}/Target Support Files/Pods-SALTTest/Pods-SALTTest-frameworks-${CONFIGURATION}-output-files.xcfilelist",
			);
			runOnlyForDeploymentPostprocessing = 0;
			shellPath = /bin/sh;
			shellScript = "\"${PODS_ROOT}/Target Support Files/Pods-SALTTest/Pods-SALTTest-frameworks.sh\"\n";
			showEnvVarsInLog = 0;
		};
/* End PBXShellScriptBuildPhase section */

/* Begin PBXSourcesBuildPhase section */
		980D982829FCDEE4006A0C36 /* Sources */ = {
			isa = PBXSourcesBuildPhase;
			buildActionMask = 2147483647;
			files = (
				980D985329FCDFF6006A0C36 /* UICollectionView+Extension.swift in Sources */,
				980D985129FCDFF6006A0C36 /* UIViewController+Extension.swift in Sources */,
				980D985229FCDFF6006A0C36 /* String+Extension.swift in Sources */,
				980D986629FCE91A006A0C36 /* HomeViewModel.swift in Sources */,
				980D985029FCDFF6006A0C36 /* UIImageView+Extension.swift in Sources */,
				980D983429FCDEE4006A0C36 /* ViewController.swift in Sources */,
				980D986429FCE880006A0C36 /* HomeViewController.swift in Sources */,
				980D984829FCDF91006A0C36 /* ReqresService.swift in Sources */,
				980D986229FCE6BF006A0C36 /* LoginViewModel.swift in Sources */,
				980D986029FCE471006A0C36 /* LoginResponse.swift in Sources */,
				980D983029FCDEE4006A0C36 /* AppDelegate.swift in Sources */,
				980D985529FCDFF6006A0C36 /* UITableView+Extension.swift in Sources */,
				980D986929FCEBEB006A0C36 /* UsersTableViewCell.swift in Sources */,
				980D983229FCDEE4006A0C36 /* SceneDelegate.swift in Sources */,
				980D985429FCDFF6006A0C36 /* Dict+Extension.swift in Sources */,
				980D985929FCE036006A0C36 /* LoginViewController.swift in Sources */,
				980D985E29FCE380006A0C36 /* UsersResponse.swift in Sources */,
			);
			runOnlyForDeploymentPostprocessing = 0;
		};
/* End PBXSourcesBuildPhase section */

/* Begin PBXVariantGroup section */
		980D983529FCDEE4006A0C36 /* Main.storyboard */ = {
			isa = PBXVariantGroup;
			children = (
				980D983629FCDEE4006A0C36 /* Base */,
			);
			name = Main.storyboard;
			sourceTree = "<group>";
		};
		980D983A29FCDEE6006A0C36 /* LaunchScreen.storyboard */ = {
			isa = PBXVariantGroup;
			children = (
				980D983B29FCDEE6006A0C36 /* Base */,
			);
			name = LaunchScreen.storyboard;
			sourceTree = "<group>";
		};
/* End PBXVariantGroup section */

/* Begin XCBuildConfiguration section */
		980D983E29FCDEE6006A0C36 /* Debug */ = {
			isa = XCBuildConfiguration;
			buildSettings = {
				ALWAYS_SEARCH_USER_PATHS = NO;
				CLANG_ANALYZER_NONNULL = YES;
				CLANG_ANALYZER_NUMBER_OBJECT_CONVERSION = YES_AGGRESSIVE;
				CLANG_CXX_LANGUAGE_STANDARD = "gnu++20";
				CLANG_ENABLE_MODULES = YES;
				CLANG_ENABLE_OBJC_ARC = YES;
				CLANG_ENABLE_OBJC_WEAK = YES;
				CLANG_WARN_BLOCK_CAPTURE_AUTORELEASING = YES;
				CLANG_WARN_BOOL_CONVERSION = YES;
				CLANG_WARN_COMMA = YES;
				CLANG_WARN_CONSTANT_CONVERSION = YES;
				CLANG_WARN_DEPRECATED_OBJC_IMPLEMENTATIONS = YES;
				CLANG_WARN_DIRECT_OBJC_ISA_USAGE = YES_ERROR;
				CLANG_WARN_DOCUMENTATION_COMMENTS = YES;
				CLANG_WARN_EMPTY_BODY = YES;
				CLANG_WARN_ENUM_CONVERSION = YES;
				CLANG_WARN_INFINITE_RECURSION = YES;
				CLANG_WARN_INT_CONVERSION = YES;
				CLANG_WARN_NON_LITERAL_NULL_CONVERSION = YES;
				CLANG_WARN_OBJC_IMPLICIT_RETAIN_SELF = YES;
				CLANG_WARN_OBJC_LITERAL_CONVERSION = YES;
				CLANG_WARN_OBJC_ROOT_CLASS = YES_ERROR;
				CLANG_WARN_QUOTED_INCLUDE_IN_FRAMEWORK_HEADER = YES;
				CLANG_WARN_RANGE_LOOP_ANALYSIS = YES;
				CLANG_WARN_STRICT_PROTOTYPES = YES;
				CLANG_WARN_SUSPICIOUS_MOVE = YES;
				CLANG_WARN_UNGUARDED_AVAILABILITY = YES_AGGRESSIVE;
				CLANG_WARN_UNREACHABLE_CODE = YES;
				CLANG_WARN__DUPLICATE_METHOD_MATCH = YES;
				COPY_PHASE_STRIP = NO;
				DEBUG_INFORMATION_FORMAT = dwarf;
				ENABLE_STRICT_OBJC_MSGSEND = YES;
				ENABLE_TESTABILITY = YES;
				GCC_C_LANGUAGE_STANDARD = gnu11;
				GCC_DYNAMIC_NO_PIC = NO;
				GCC_NO_COMMON_BLOCKS = YES;
				GCC_OPTIMIZATION_LEVEL = 0;
				GCC_PREPROCESSOR_DEFINITIONS = (
					"DEBUG=1",
					"$(inherited)",
				);
				GCC_WARN_64_TO_32_BIT_CONVERSION = YES;
				GCC_WARN_ABOUT_RETURN_TYPE = YES_ERROR;
				GCC_WARN_UNDECLARED_SELECTOR = YES;
				GCC_WARN_UNINITIALIZED_AUTOS = YES_AGGRESSIVE;
				GCC_WARN_UNUSED_FUNCTION = YES;
				GCC_WARN_UNUSED_VARIABLE = YES;
				IPHONEOS_DEPLOYMENT_TARGET = 16.4;
				MTL_ENABLE_DEBUG_INFO = INCLUDE_SOURCE;
				MTL_FAST_MATH = YES;
				ONLY_ACTIVE_ARCH = YES;
				SDKROOT = iphoneos;
				SWIFT_ACTIVE_COMPILATION_CONDITIONS = DEBUG;
				SWIFT_OPTIMIZATION_LEVEL = "-Onone";
			};
			name = Debug;
		};
		980D983F29FCDEE6006A0C36 /* Release */ = {
			isa = XCBuildConfiguration;
			buildSettings = {
				ALWAYS_SEARCH_USER_PATHS = NO;
				CLANG_ANALYZER_NONNULL = YES;
				CLANG_ANALYZER_NUMBER_OBJECT_CONVERSION = YES_AGGRESSIVE;
				CLANG_CXX_LANGUAGE_STANDARD = "gnu++20";
				CLANG_ENABLE_MODULES = YES;
				CLANG_ENABLE_OBJC_ARC = YES;
				CLANG_ENABLE_OBJC_WEAK = YES;
				CLANG_WARN_BLOCK_CAPTURE_AUTORELEASING = YES;
				CLANG_WARN_BOOL_CONVERSION = YES;
				CLANG_WARN_COMMA = YES;
				CLANG_WARN_CONSTANT_CONVERSION = YES;
				CLANG_WARN_DEPRECATED_OBJC_IMPLEMENTATIONS = YES;
				CLANG_WARN_DIRECT_OBJC_ISA_USAGE = YES_ERROR;
				CLANG_WARN_DOCUMENTATION_COMMENTS = YES;
				CLANG_WARN_EMPTY_BODY = YES;
				CLANG_WARN_ENUM_CONVERSION = YES;
				CLANG_WARN_INFINITE_RECURSION = YES;
				CLANG_WARN_INT_CONVERSION = YES;
				CLANG_WARN_NON_LITERAL_NULL_CONVERSION = YES;
				CLANG_WARN_OBJC_IMPLICIT_RETAIN_SELF = YES;
				CLANG_WARN_OBJC_LITERAL_CONVERSION = YES;
				CLANG_WARN_OBJC_ROOT_CLASS = YES_ERROR;
				CLANG_WARN_QUOTED_INCLUDE_IN_FRAMEWORK_HEADER = YES;
				CLANG_WARN_RANGE_LOOP_ANALYSIS = YES;
				CLANG_WARN_STRICT_PROTOTYPES = YES;
				CLANG_WARN_SUSPICIOUS_MOVE = YES;
				CLANG_WARN_UNGUARDED_AVAILABILITY = YES_AGGRESSIVE;
				CLANG_WARN_UNREACHABLE_CODE = YES;
				CLANG_WARN__DUPLICATE_METHOD_MATCH = YES;
				COPY_PHASE_STRIP = NO;
				DEBUG_INFORMATION_FORMAT = "dwarf-with-dsym";
				ENABLE_NS_ASSERTIONS = NO;
				ENABLE_STRICT_OBJC_MSGSEND = YES;
				GCC_C_LANGUAGE_STANDARD = gnu11;
				GCC_NO_COMMON_BLOCKS = YES;
				GCC_WARN_64_TO_32_BIT_CONVERSION = YES;
				GCC_WARN_ABOUT_RETURN_TYPE = YES_ERROR;
				GCC_WARN_UNDECLARED_SELECTOR = YES;
				GCC_WARN_UNINITIALIZED_AUTOS = YES_AGGRESSIVE;
				GCC_WARN_UNUSED_FUNCTION = YES;
				GCC_WARN_UNUSED_VARIABLE = YES;
				IPHONEOS_DEPLOYMENT_TARGET = 16.4;
				MTL_ENABLE_DEBUG_INFO = NO;
				MTL_FAST_MATH = YES;
				SDKROOT = iphoneos;
				SWIFT_COMPILATION_MODE = wholemodule;
				SWIFT_OPTIMIZATION_LEVEL = "-O";
				VALIDATE_PRODUCT = YES;
			};
			name = Release;
		};
		980D984129FCDEE6006A0C36 /* Debug */ = {
			isa = XCBuildConfiguration;
			baseConfigurationReference = 84B234F9F2A6C0A2CEC541AF /* Pods-SALTTest.debug.xcconfig */;
			buildSettings = {
				ASSETCATALOG_COMPILER_APPICON_NAME = AppIcon;
				ASSETCATALOG_COMPILER_GLOBAL_ACCENT_COLOR_NAME = AccentColor;
				CODE_SIGN_STYLE = Automatic;
				CURRENT_PROJECT_VERSION = 1;
				DEVELOPMENT_TEAM = HMMWHN78KV;
				GENERATE_INFOPLIST_FILE = YES;
				INFOPLIST_FILE = SALTTest/Info.plist;
				INFOPLIST_KEY_UIApplicationSupportsIndirectInputEvents = YES;
				INFOPLIST_KEY_UILaunchStoryboardName = LaunchScreen;
				INFOPLIST_KEY_UIMainStoryboardFile = Main;
				INFOPLIST_KEY_UISupportedInterfaceOrientations_iPad = "UIInterfaceOrientationPortrait UIInterfaceOrientationPortraitUpsideDown UIInterfaceOrientationLandscapeLeft UIInterfaceOrientationLandscapeRight";
				INFOPLIST_KEY_UISupportedInterfaceOrientations_iPhone = "UIInterfaceOrientationPortrait UIInterfaceOrientationLandscapeLeft UIInterfaceOrientationLandscapeRight";
				IPHONEOS_DEPLOYMENT_TARGET = 13.0;
				LD_RUNPATH_SEARCH_PATHS = (
					"$(inherited)",
					"@executable_path/Frameworks",
				);
				MARKETING_VERSION = 1.0;
				PRODUCT_BUNDLE_IDENTIFIER = Kane.SALTTest;
				PRODUCT_NAME = "$(TARGET_NAME)";
				SWIFT_EMIT_LOC_STRINGS = YES;
				SWIFT_VERSION = 5.0;
				TARGETED_DEVICE_FAMILY = "1,2";
			};
			name = Debug;
		};
		980D984229FCDEE6006A0C36 /* Release */ = {
			isa = XCBuildConfiguration;
			baseConfigurationReference = 0BC3A62DA8A43E1EC1F79526 /* Pods-SALTTest.release.xcconfig */;
			buildSettings = {
				ASSETCATALOG_COMPILER_APPICON_NAME = AppIcon;
				ASSETCATALOG_COMPILER_GLOBAL_ACCENT_COLOR_NAME = AccentColor;
				CODE_SIGN_STYLE = Automatic;
				CURRENT_PROJECT_VERSION = 1;
				DEVELOPMENT_TEAM = HMMWHN78KV;
				GENERATE_INFOPLIST_FILE = YES;
				INFOPLIST_FILE = SALTTest/Info.plist;
				INFOPLIST_KEY_UIApplicationSupportsIndirectInputEvents = YES;
				INFOPLIST_KEY_UILaunchStoryboardName = LaunchScreen;
				INFOPLIST_KEY_UIMainStoryboardFile = Main;
				INFOPLIST_KEY_UISupportedInterfaceOrientations_iPad = "UIInterfaceOrientationPortrait UIInterfaceOrientationPortraitUpsideDown UIInterfaceOrientationLandscapeLeft UIInterfaceOrientationLandscapeRight";
				INFOPLIST_KEY_UISupportedInterfaceOrientations_iPhone = "UIInterfaceOrientationPortrait UIInterfaceOrientationLandscapeLeft UIInterfaceOrientationLandscapeRight";
				IPHONEOS_DEPLOYMENT_TARGET = 13.0;
				LD_RUNPATH_SEARCH_PATHS = (
					"$(inherited)",
					"@executable_path/Frameworks",
				);
				MARKETING_VERSION = 1.0;
				PRODUCT_BUNDLE_IDENTIFIER = Kane.SALTTest;
				PRODUCT_NAME = "$(TARGET_NAME)";
				SWIFT_EMIT_LOC_STRINGS = YES;
				SWIFT_VERSION = 5.0;
				TARGETED_DEVICE_FAMILY = "1,2";
			};
			name = Release;
		};
/* End XCBuildConfiguration section */

/* Begin XCConfigurationList section */
		980D982729FCDEE4006A0C36 /* Build configuration list for PBXProject "SALTTest" */ = {
			isa = XCConfigurationList;
			buildConfigurations = (
				980D983E29FCDEE6006A0C36 /* Debug */,
				980D983F29FCDEE6006A0C36 /* Release */,
			);
			defaultConfigurationIsVisible = 0;
			defaultConfigurationName = Release;
		};
		980D984029FCDEE6006A0C36 /* Build configuration list for PBXNativeTarget "SALTTest" */ = {
			isa = XCConfigurationList;
			buildConfigurations = (
				980D984129FCDEE6006A0C36 /* Debug */,
				980D984229FCDEE6006A0C36 /* Release */,
			);
			defaultConfigurationIsVisible = 0;
			defaultConfigurationName = Release;
		};
/* End XCConfigurationList section */
	};
	rootObject = 980D982429FCDEE4006A0C36 /* Project object */;
}
